// !$*UTF8*$!
{
	archiveVersion = 1;
	classes = {
	};
	objectVersion = 55;
	objects = {

/* Begin PBXBuildFile section */
		273355250F42CCDA17AE17FC /* Pods_GBShopDK_GBShopDKUITests.framework in Frameworks */ = {isa = PBXBuildFile; fileRef = 7FC5B5B7510399D74B261C2C /* Pods_GBShopDK_GBShopDKUITests.framework */; };
		68023FB67F0E4FDE30489BF6 /* Pods_GBShopDKTests.framework in Frameworks */ = {isa = PBXBuildFile; fileRef = EA064DF468134A01F77326FA /* Pods_GBShopDKTests.framework */; };
		CA4FA053275A3ACE00E8BF6B /* AbstractErrorParser.swift in Sources */ = {isa = PBXBuildFile; fileRef = CA4FA052275A3ACE00E8BF6B /* AbstractErrorParser.swift */; };
		CA4FA055275A3AF400E8BF6B /* ErrorParser.swift in Sources */ = {isa = PBXBuildFile; fileRef = CA4FA054275A3AF400E8BF6B /* ErrorParser.swift */; };
		CA4FA057275A3C1800E8BF6B /* ResponseCodable.swift in Sources */ = {isa = PBXBuildFile; fileRef = CA4FA056275A3C1800E8BF6B /* ResponseCodable.swift */; };
		CA4FA059275A3C2E00E8BF6B /* AbstractRequestFactory.swift in Sources */ = {isa = PBXBuildFile; fileRef = CA4FA058275A3C2D00E8BF6B /* AbstractRequestFactory.swift */; };
		CA4FA05B275A3C4B00E8BF6B /* RequestRouter.swift in Sources */ = {isa = PBXBuildFile; fileRef = CA4FA05A275A3C4B00E8BF6B /* RequestRouter.swift */; };
		CA4FA05D275A3CB300E8BF6B /* LoginResult.swift in Sources */ = {isa = PBXBuildFile; fileRef = CA4FA05C275A3CB300E8BF6B /* LoginResult.swift */; };
		CA4FA05F275A3CBB00E8BF6B /* User.swift in Sources */ = {isa = PBXBuildFile; fileRef = CA4FA05E275A3CBB00E8BF6B /* User.swift */; };
		CA4FA062275A3CDF00E8BF6B /* AuthRequestFactory.swift in Sources */ = {isa = PBXBuildFile; fileRef = CA4FA061275A3CDF00E8BF6B /* AuthRequestFactory.swift */; };
		CA4FA064275A3CED00E8BF6B /* Auth.swift in Sources */ = {isa = PBXBuildFile; fileRef = CA4FA063275A3CED00E8BF6B /* Auth.swift */; };
		CA4FA066275A3CFF00E8BF6B /* RequestFactory.swift in Sources */ = {isa = PBXBuildFile; fileRef = CA4FA065275A3CFF00E8BF6B /* RequestFactory.swift */; };
		CA61D93227564A4700B777A2 /* AppDelegate.swift in Sources */ = {isa = PBXBuildFile; fileRef = CA61D93127564A4700B777A2 /* AppDelegate.swift */; };
		CA61D93427564A4700B777A2 /* SceneDelegate.swift in Sources */ = {isa = PBXBuildFile; fileRef = CA61D93327564A4700B777A2 /* SceneDelegate.swift */; };
		CA61D93627564A4700B777A2 /* ViewController.swift in Sources */ = {isa = PBXBuildFile; fileRef = CA61D93527564A4700B777A2 /* ViewController.swift */; };
		CA61D93927564A4700B777A2 /* Main.storyboard in Resources */ = {isa = PBXBuildFile; fileRef = CA61D93727564A4700B777A2 /* Main.storyboard */; };
		CA61D93B27564A4900B777A2 /* Assets.xcassets in Resources */ = {isa = PBXBuildFile; fileRef = CA61D93A27564A4900B777A2 /* Assets.xcassets */; };
		CA61D93E27564A4900B777A2 /* LaunchScreen.storyboard in Resources */ = {isa = PBXBuildFile; fileRef = CA61D93C27564A4900B777A2 /* LaunchScreen.storyboard */; };
		CA61D94927564A4900B777A2 /* GBShopDKTests.swift in Sources */ = {isa = PBXBuildFile; fileRef = CA61D94827564A4900B777A2 /* GBShopDKTests.swift */; };
		CA61D95327564A4900B777A2 /* GBShopDKUITests.swift in Sources */ = {isa = PBXBuildFile; fileRef = CA61D95227564A4900B777A2 /* GBShopDKUITests.swift */; };
		CA61D95527564A4900B777A2 /* GBShopDKUITestsLaunchTests.swift in Sources */ = {isa = PBXBuildFile; fileRef = CA61D95427564A4900B777A2 /* GBShopDKUITestsLaunchTests.swift */; };
		CAAFF014275CF8C200BE30E8 /* LogoutResult.swift in Sources */ = {isa = PBXBuildFile; fileRef = CAAFF013275CF8C200BE30E8 /* LogoutResult.swift */; };
		CAAFF016275CFC0200BE30E8 /* RegistrationUserResult.swift in Sources */ = {isa = PBXBuildFile; fileRef = CAAFF015275CFC0200BE30E8 /* RegistrationUserResult.swift */; };
		CAAFF018275CFC1300BE30E8 /* ChangeUserDataResult.swift in Sources */ = {isa = PBXBuildFile; fileRef = CAAFF017275CFC1300BE30E8 /* ChangeUserDataResult.swift */; };
		CAAFF01A275CFD9A00BE30E8 /* RegistrationAndDataChangesFactory.swift in Sources */ = {isa = PBXBuildFile; fileRef = CAAFF019275CFD9A00BE30E8 /* RegistrationAndDataChangesFactory.swift */; };
		CAAFF01C275CFF5100BE30E8 /* RegistrationAndChanges.swift in Sources */ = {isa = PBXBuildFile; fileRef = CAAFF01B275CFF5100BE30E8 /* RegistrationAndChanges.swift */; };
		CABF8610275F97DC00870B23 /* ProductList.swift in Sources */ = {isa = PBXBuildFile; fileRef = CABF860F275F97DC00870B23 /* ProductList.swift */; };
		CABF8612275F989A00870B23 /* Product.swift in Sources */ = {isa = PBXBuildFile; fileRef = CABF8611275F989A00870B23 /* Product.swift */; };
		CABF8614275F9A0D00870B23 /* ProductsRequestFactory.swift in Sources */ = {isa = PBXBuildFile; fileRef = CABF8613275F9A0D00870B23 /* ProductsRequestFactory.swift */; };
		CABF8616275F9AC000870B23 /* ProductsRequests.swift in Sources */ = {isa = PBXBuildFile; fileRef = CABF8615275F9AC000870B23 /* ProductsRequests.swift */; };
		D304BA7411EDF6B4B7F28492 /* Pods_GBShopDK.framework in Frameworks */ = {isa = PBXBuildFile; fileRef = F73ED625FCD0F44BBFDF31A4 /* Pods_GBShopDK.framework */; };
/* End PBXBuildFile section */

/* Begin PBXContainerItemProxy section */
		CA61D94527564A4900B777A2 /* PBXContainerItemProxy */ = {
			isa = PBXContainerItemProxy;
			containerPortal = CA61D92627564A4700B777A2 /* Project object */;
			proxyType = 1;
			remoteGlobalIDString = CA61D92D27564A4700B777A2;
			remoteInfo = GBShopDK;
		};
		CA61D94F27564A4900B777A2 /* PBXContainerItemProxy */ = {
			isa = PBXContainerItemProxy;
			containerPortal = CA61D92627564A4700B777A2 /* Project object */;
			proxyType = 1;
			remoteGlobalIDString = CA61D92D27564A4700B777A2;
			remoteInfo = GBShopDK;
		};
/* End PBXContainerItemProxy section */

/* Begin PBXFileReference section */
		194AFE866FA1C33B5695F19B /* Pods-GBShopDK.release.xcconfig */ = {isa = PBXFileReference; includeInIndex = 1; lastKnownFileType = text.xcconfig; name = "Pods-GBShopDK.release.xcconfig"; path = "Target Support Files/Pods-GBShopDK/Pods-GBShopDK.release.xcconfig"; sourceTree = "<group>"; };
		3D2221A0762FCEAF2D16B8F0 /* Pods-GBShopDKTests.debug.xcconfig */ = {isa = PBXFileReference; includeInIndex = 1; lastKnownFileType = text.xcconfig; name = "Pods-GBShopDKTests.debug.xcconfig"; path = "Target Support Files/Pods-GBShopDKTests/Pods-GBShopDKTests.debug.xcconfig"; sourceTree = "<group>"; };
		7FC5B5B7510399D74B261C2C /* Pods_GBShopDK_GBShopDKUITests.framework */ = {isa = PBXFileReference; explicitFileType = wrapper.framework; includeInIndex = 0; path = Pods_GBShopDK_GBShopDKUITests.framework; sourceTree = BUILT_PRODUCTS_DIR; };
		956E1E34F69CCAB33DB1D7F7 /* Pods-GBShopDK-GBShopDKUITests.release.xcconfig */ = {isa = PBXFileReference; includeInIndex = 1; lastKnownFileType = text.xcconfig; name = "Pods-GBShopDK-GBShopDKUITests.release.xcconfig"; path = "Target Support Files/Pods-GBShopDK-GBShopDKUITests/Pods-GBShopDK-GBShopDKUITests.release.xcconfig"; sourceTree = "<group>"; };
		A8D4A4BE4DCD43FA19A9FC78 /* Pods-GBShopDK.debug.xcconfig */ = {isa = PBXFileReference; includeInIndex = 1; lastKnownFileType = text.xcconfig; name = "Pods-GBShopDK.debug.xcconfig"; path = "Target Support Files/Pods-GBShopDK/Pods-GBShopDK.debug.xcconfig"; sourceTree = "<group>"; };
		CA4FA052275A3ACE00E8BF6B /* AbstractErrorParser.swift */ = {isa = PBXFileReference; lastKnownFileType = sourcecode.swift; path = AbstractErrorParser.swift; sourceTree = "<group>"; };
		CA4FA054275A3AF400E8BF6B /* ErrorParser.swift */ = {isa = PBXFileReference; lastKnownFileType = sourcecode.swift; path = ErrorParser.swift; sourceTree = "<group>"; };
		CA4FA056275A3C1800E8BF6B /* ResponseCodable.swift */ = {isa = PBXFileReference; lastKnownFileType = sourcecode.swift; path = ResponseCodable.swift; sourceTree = "<group>"; };
		CA4FA058275A3C2D00E8BF6B /* AbstractRequestFactory.swift */ = {isa = PBXFileReference; lastKnownFileType = sourcecode.swift; path = AbstractRequestFactory.swift; sourceTree = "<group>"; };
		CA4FA05A275A3C4B00E8BF6B /* RequestRouter.swift */ = {isa = PBXFileReference; lastKnownFileType = sourcecode.swift; path = RequestRouter.swift; sourceTree = "<group>"; };
		CA4FA05C275A3CB300E8BF6B /* LoginResult.swift */ = {isa = PBXFileReference; lastKnownFileType = sourcecode.swift; path = LoginResult.swift; sourceTree = "<group>"; };
		CA4FA05E275A3CBB00E8BF6B /* User.swift */ = {isa = PBXFileReference; lastKnownFileType = sourcecode.swift; path = User.swift; sourceTree = "<group>"; };
		CA4FA061275A3CDF00E8BF6B /* AuthRequestFactory.swift */ = {isa = PBXFileReference; lastKnownFileType = sourcecode.swift; path = AuthRequestFactory.swift; sourceTree = "<group>"; };
		CA4FA063275A3CED00E8BF6B /* Auth.swift */ = {isa = PBXFileReference; lastKnownFileType = sourcecode.swift; path = Auth.swift; sourceTree = "<group>"; };
		CA4FA065275A3CFF00E8BF6B /* RequestFactory.swift */ = {isa = PBXFileReference; lastKnownFileType = sourcecode.swift; path = RequestFactory.swift; sourceTree = "<group>"; };
		CA61D92E27564A4700B777A2 /* GBShopDK.app */ = {isa = PBXFileReference; explicitFileType = wrapper.application; includeInIndex = 0; path = GBShopDK.app; sourceTree = BUILT_PRODUCTS_DIR; };
		CA61D93127564A4700B777A2 /* AppDelegate.swift */ = {isa = PBXFileReference; lastKnownFileType = sourcecode.swift; path = AppDelegate.swift; sourceTree = "<group>"; };
		CA61D93327564A4700B777A2 /* SceneDelegate.swift */ = {isa = PBXFileReference; lastKnownFileType = sourcecode.swift; path = SceneDelegate.swift; sourceTree = "<group>"; };
		CA61D93527564A4700B777A2 /* ViewController.swift */ = {isa = PBXFileReference; lastKnownFileType = sourcecode.swift; path = ViewController.swift; sourceTree = "<group>"; };
		CA61D93827564A4700B777A2 /* Base */ = {isa = PBXFileReference; lastKnownFileType = file.storyboard; name = Base; path = Base.lproj/Main.storyboard; sourceTree = "<group>"; };
		CA61D93A27564A4900B777A2 /* Assets.xcassets */ = {isa = PBXFileReference; lastKnownFileType = folder.assetcatalog; path = Assets.xcassets; sourceTree = "<group>"; };
		CA61D93D27564A4900B777A2 /* Base */ = {isa = PBXFileReference; lastKnownFileType = file.storyboard; name = Base; path = Base.lproj/LaunchScreen.storyboard; sourceTree = "<group>"; };
		CA61D93F27564A4900B777A2 /* Info.plist */ = {isa = PBXFileReference; lastKnownFileType = text.plist.xml; path = Info.plist; sourceTree = "<group>"; };
		CA61D94427564A4900B777A2 /* GBShopDKTests.xctest */ = {isa = PBXFileReference; explicitFileType = wrapper.cfbundle; includeInIndex = 0; path = GBShopDKTests.xctest; sourceTree = BUILT_PRODUCTS_DIR; };
		CA61D94827564A4900B777A2 /* GBShopDKTests.swift */ = {isa = PBXFileReference; lastKnownFileType = sourcecode.swift; path = GBShopDKTests.swift; sourceTree = "<group>"; };
		CA61D94E27564A4900B777A2 /* GBShopDKUITests.xctest */ = {isa = PBXFileReference; explicitFileType = wrapper.cfbundle; includeInIndex = 0; path = GBShopDKUITests.xctest; sourceTree = BUILT_PRODUCTS_DIR; };
		CA61D95227564A4900B777A2 /* GBShopDKUITests.swift */ = {isa = PBXFileReference; lastKnownFileType = sourcecode.swift; path = GBShopDKUITests.swift; sourceTree = "<group>"; };
		CA61D95427564A4900B777A2 /* GBShopDKUITestsLaunchTests.swift */ = {isa = PBXFileReference; lastKnownFileType = sourcecode.swift; path = GBShopDKUITestsLaunchTests.swift; sourceTree = "<group>"; };
		CA8C27AAD8C0295CEEE3D457 /* Pods-GBShopDKTests.release.xcconfig */ = {isa = PBXFileReference; includeInIndex = 1; lastKnownFileType = text.xcconfig; name = "Pods-GBShopDKTests.release.xcconfig"; path = "Target Support Files/Pods-GBShopDKTests/Pods-GBShopDKTests.release.xcconfig"; sourceTree = "<group>"; };
		CAAFF013275CF8C200BE30E8 /* LogoutResult.swift */ = {isa = PBXFileReference; lastKnownFileType = sourcecode.swift; path = LogoutResult.swift; sourceTree = "<group>"; };
		CAAFF015275CFC0200BE30E8 /* RegistrationUserResult.swift */ = {isa = PBXFileReference; lastKnownFileType = sourcecode.swift; path = RegistrationUserResult.swift; sourceTree = "<group>"; };
		CAAFF017275CFC1300BE30E8 /* ChangeUserDataResult.swift */ = {isa = PBXFileReference; lastKnownFileType = sourcecode.swift; path = ChangeUserDataResult.swift; sourceTree = "<group>"; };
		CAAFF019275CFD9A00BE30E8 /* RegistrationAndDataChangesFactory.swift */ = {isa = PBXFileReference; lastKnownFileType = sourcecode.swift; path = RegistrationAndDataChangesFactory.swift; sourceTree = "<group>"; };
		CAAFF01B275CFF5100BE30E8 /* RegistrationAndChanges.swift */ = {isa = PBXFileReference; lastKnownFileType = sourcecode.swift; path = RegistrationAndChanges.swift; sourceTree = "<group>"; };
		CABF860F275F97DC00870B23 /* ProductList.swift */ = {isa = PBXFileReference; lastKnownFileType = sourcecode.swift; path = ProductList.swift; sourceTree = "<group>"; };
		CABF8611275F989A00870B23 /* Product.swift */ = {isa = PBXFileReference; lastKnownFileType = sourcecode.swift; path = Product.swift; sourceTree = "<group>"; };
		CABF8613275F9A0D00870B23 /* ProductsRequestFactory.swift */ = {isa = PBXFileReference; lastKnownFileType = sourcecode.swift; path = ProductsRequestFactory.swift; sourceTree = "<group>"; };
		CABF8615275F9AC000870B23 /* ProductsRequests.swift */ = {isa = PBXFileReference; lastKnownFileType = sourcecode.swift; path = ProductsRequests.swift; sourceTree = "<group>"; };
		CABF8618275FA79F00870B23 /* Unit.xctestplan */ = {isa = PBXFileReference; lastKnownFileType = text; path = Unit.xctestplan; sourceTree = "<group>"; };
		CABF8619275FA7B100870B23 /* UI.xctestplan */ = {isa = PBXFileReference; lastKnownFileType = text; path = UI.xctestplan; sourceTree = "<group>"; };
		CABF861A275FA87600870B23 /* Full.xctestplan */ = {isa = PBXFileReference; lastKnownFileType = text; path = Full.xctestplan; sourceTree = "<group>"; };
		EA064DF468134A01F77326FA /* Pods_GBShopDKTests.framework */ = {isa = PBXFileReference; explicitFileType = wrapper.framework; includeInIndex = 0; path = Pods_GBShopDKTests.framework; sourceTree = BUILT_PRODUCTS_DIR; };
		F73ED625FCD0F44BBFDF31A4 /* Pods_GBShopDK.framework */ = {isa = PBXFileReference; explicitFileType = wrapper.framework; includeInIndex = 0; path = Pods_GBShopDK.framework; sourceTree = BUILT_PRODUCTS_DIR; };
		FE615AF1FC1DEE817160C70C /* Pods-GBShopDK-GBShopDKUITests.debug.xcconfig */ = {isa = PBXFileReference; includeInIndex = 1; lastKnownFileType = text.xcconfig; name = "Pods-GBShopDK-GBShopDKUITests.debug.xcconfig"; path = "Target Support Files/Pods-GBShopDK-GBShopDKUITests/Pods-GBShopDK-GBShopDKUITests.debug.xcconfig"; sourceTree = "<group>"; };
/* End PBXFileReference section */

/* Begin PBXFrameworksBuildPhase section */
		CA61D92B27564A4700B777A2 /* Frameworks */ = {
			isa = PBXFrameworksBuildPhase;
			buildActionMask = 2147483647;
			files = (
				D304BA7411EDF6B4B7F28492 /* Pods_GBShopDK.framework in Frameworks */,
			);
			runOnlyForDeploymentPostprocessing = 0;
		};
		CA61D94127564A4900B777A2 /* Frameworks */ = {
			isa = PBXFrameworksBuildPhase;
			buildActionMask = 2147483647;
			files = (
				68023FB67F0E4FDE30489BF6 /* Pods_GBShopDKTests.framework in Frameworks */,
			);
			runOnlyForDeploymentPostprocessing = 0;
		};
		CA61D94B27564A4900B777A2 /* Frameworks */ = {
			isa = PBXFrameworksBuildPhase;
			buildActionMask = 2147483647;
			files = (
				273355250F42CCDA17AE17FC /* Pods_GBShopDK_GBShopDKUITests.framework in Frameworks */,
			);
			runOnlyForDeploymentPostprocessing = 0;
		};
/* End PBXFrameworksBuildPhase section */

/* Begin PBXGroup section */
		6320E2A3D2F93202B9EBFA11 /* Frameworks */ = {
			isa = PBXGroup;
			children = (
				F73ED625FCD0F44BBFDF31A4 /* Pods_GBShopDK.framework */,
				7FC5B5B7510399D74B261C2C /* Pods_GBShopDK_GBShopDKUITests.framework */,
				EA064DF468134A01F77326FA /* Pods_GBShopDKTests.framework */,
			);
			name = Frameworks;
			sourceTree = "<group>";
		};
		98126E27A1C97435748D07B8 /* Pods */ = {
			isa = PBXGroup;
			children = (
				A8D4A4BE4DCD43FA19A9FC78 /* Pods-GBShopDK.debug.xcconfig */,
				194AFE866FA1C33B5695F19B /* Pods-GBShopDK.release.xcconfig */,
				FE615AF1FC1DEE817160C70C /* Pods-GBShopDK-GBShopDKUITests.debug.xcconfig */,
				956E1E34F69CCAB33DB1D7F7 /* Pods-GBShopDK-GBShopDKUITests.release.xcconfig */,
				3D2221A0762FCEAF2D16B8F0 /* Pods-GBShopDKTests.debug.xcconfig */,
				CA8C27AAD8C0295CEEE3D457 /* Pods-GBShopDKTests.release.xcconfig */,
			);
			path = Pods;
			sourceTree = "<group>";
		};
		CA4FA051275A3A6B00E8BF6B /* Network */ = {
			isa = PBXGroup;
			children = (
				CA4FA052275A3ACE00E8BF6B /* AbstractErrorParser.swift */,
				CA4FA054275A3AF400E8BF6B /* ErrorParser.swift */,
				CA4FA056275A3C1800E8BF6B /* ResponseCodable.swift */,
				CA4FA058275A3C2D00E8BF6B /* AbstractRequestFactory.swift */,
				CA4FA05A275A3C4B00E8BF6B /* RequestRouter.swift */,
			);
			path = Network;
			sourceTree = "<group>";
		};
		CA4FA060275A3CC300E8BF6B /* Network */ = {
			isa = PBXGroup;
			children = (
				CA4FA061275A3CDF00E8BF6B /* AuthRequestFactory.swift */,
				CAAFF019275CFD9A00BE30E8 /* RegistrationAndDataChangesFactory.swift */,
				CABF8613275F9A0D00870B23 /* ProductsRequestFactory.swift */,
				CA4FA065275A3CFF00E8BF6B /* RequestFactory.swift */,
				CA4FA063275A3CED00E8BF6B /* Auth.swift */,
				CAAFF01B275CFF5100BE30E8 /* RegistrationAndChanges.swift */,
				CABF8615275F9AC000870B23 /* ProductsRequests.swift */,
			);
			path = Network;
			sourceTree = "<group>";
		};
		CA61D92527564A4700B777A2 = {
			isa = PBXGroup;
			children = (
				CABF8617275FA77800870B23 /* TestPlans */,
				CA61D93027564A4700B777A2 /* GBShopDK */,
				CA61D94727564A4900B777A2 /* GBShopDKTests */,
				CA61D95127564A4900B777A2 /* GBShopDKUITests */,
				CA61D92F27564A4700B777A2 /* Products */,
				98126E27A1C97435748D07B8 /* Pods */,
				6320E2A3D2F93202B9EBFA11 /* Frameworks */,
			);
			sourceTree = "<group>";
		};
		CA61D92F27564A4700B777A2 /* Products */ = {
			isa = PBXGroup;
			children = (
				CA61D92E27564A4700B777A2 /* GBShopDK.app */,
				CA61D94427564A4900B777A2 /* GBShopDKTests.xctest */,
				CA61D94E27564A4900B777A2 /* GBShopDKUITests.xctest */,
			);
			name = Products;
			sourceTree = "<group>";
		};
		CA61D93027564A4700B777A2 /* GBShopDK */ = {
			isa = PBXGroup;
			children = (
				CA61D961275665E400B777A2 /* App */,
				CA61D9662756661C00B777A2 /* Core */,
				CA61D9672756662500B777A2 /* Resources */,
				CA61D9682756663100B777A2 /* Environments */,
			);
			path = GBShopDK;
			sourceTree = "<group>";
		};
		CA61D94727564A4900B777A2 /* GBShopDKTests */ = {
			isa = PBXGroup;
			children = (
				CA61D94827564A4900B777A2 /* GBShopDKTests.swift */,
			);
			path = GBShopDKTests;
			sourceTree = "<group>";
		};
		CA61D95127564A4900B777A2 /* GBShopDKUITests */ = {
			isa = PBXGroup;
			children = (
				CA61D95227564A4900B777A2 /* GBShopDKUITests.swift */,
				CA61D95427564A4900B777A2 /* GBShopDKUITestsLaunchTests.swift */,
			);
			path = GBShopDKUITests;
			sourceTree = "<group>";
		};
		CA61D961275665E400B777A2 /* App */ = {
			isa = PBXGroup;
			children = (
				CA61D93327564A4700B777A2 /* SceneDelegate.swift */,
				CA61D93127564A4700B777A2 /* AppDelegate.swift */,
				CA61D962275665EB00B777A2 /* BusinessLogic */,
				CA61D963275665F900B777A2 /* Entity */,
				CA61D9652756661300B777A2 /* Flows */,
				CA61D9642756660700B777A2 /* Assembly */,
			);
			path = App;
			sourceTree = "<group>";
		};
		CA61D962275665EB00B777A2 /* BusinessLogic */ = {
			isa = PBXGroup;
			children = (
				CA4FA060275A3CC300E8BF6B /* Network */,
			);
			path = BusinessLogic;
			sourceTree = "<group>";
		};
		CA61D963275665F900B777A2 /* Entity */ = {
			isa = PBXGroup;
			children = (
				CA4FA05C275A3CB300E8BF6B /* LoginResult.swift */,
				CAAFF013275CF8C200BE30E8 /* LogoutResult.swift */,
				CA4FA05E275A3CBB00E8BF6B /* User.swift */,
				CAAFF015275CFC0200BE30E8 /* RegistrationUserResult.swift */,
				CAAFF017275CFC1300BE30E8 /* ChangeUserDataResult.swift */,
				CABF860F275F97DC00870B23 /* ProductList.swift */,
				CABF8611275F989A00870B23 /* Product.swift */,
			);
			path = Entity;
			sourceTree = "<group>";
		};
		CA61D9642756660700B777A2 /* Assembly */ = {
			isa = PBXGroup;
			children = (
			);
			path = Assembly;
			sourceTree = "<group>";
		};
		CA61D9652756661300B777A2 /* Flows */ = {
			isa = PBXGroup;
			children = (
				CA61D93527564A4700B777A2 /* ViewController.swift */,
				CA61D93727564A4700B777A2 /* Main.storyboard */,
			);
			path = Flows;
			sourceTree = "<group>";
		};
		CA61D9662756661C00B777A2 /* Core */ = {
			isa = PBXGroup;
			children = (
				CA4FA051275A3A6B00E8BF6B /* Network */,
			);
			path = Core;
			sourceTree = "<group>";
		};
		CA61D9672756662500B777A2 /* Resources */ = {
			isa = PBXGroup;
			children = (
				CA61D93A27564A4900B777A2 /* Assets.xcassets */,
				CA61D93C27564A4900B777A2 /* LaunchScreen.storyboard */,
			);
			path = Resources;
			sourceTree = "<group>";
		};
		CA61D9682756663100B777A2 /* Environments */ = {
			isa = PBXGroup;
			children = (
				CA61D93F27564A4900B777A2 /* Info.plist */,
			);
			path = Environments;
			sourceTree = "<group>";
		};
		CABF8617275FA77800870B23 /* TestPlans */ = {
			isa = PBXGroup;
			children = (
				CABF8618275FA79F00870B23 /* Unit.xctestplan */,
				CABF8619275FA7B100870B23 /* UI.xctestplan */,
				CABF861A275FA87600870B23 /* Full.xctestplan */,
			);
			path = TestPlans;
			sourceTree = "<group>";
		};
/* End PBXGroup section */

/* Begin PBXNativeTarget section */
		CA61D92D27564A4700B777A2 /* GBShopDK */ = {
			isa = PBXNativeTarget;
			buildConfigurationList = CA61D95827564A4900B777A2 /* Build configuration list for PBXNativeTarget "GBShopDK" */;
			buildPhases = (
				93843F6B9948D390536DC6C4 /* [CP] Check Pods Manifest.lock */,
				CA61D92A27564A4700B777A2 /* Sources */,
				CA61D92B27564A4700B777A2 /* Frameworks */,
				CA61D92C27564A4700B777A2 /* Resources */,
				0F1B4736B0B880ADD1285121 /* [CP] Embed Pods Frameworks */,
			);
			buildRules = (
			);
			dependencies = (
			);
			name = GBShopDK;
			productName = GBShopDK;
			productReference = CA61D92E27564A4700B777A2 /* GBShopDK.app */;
			productType = "com.apple.product-type.application";
		};
		CA61D94327564A4900B777A2 /* GBShopDKTests */ = {
			isa = PBXNativeTarget;
			buildConfigurationList = CA61D95B27564A4900B777A2 /* Build configuration list for PBXNativeTarget "GBShopDKTests" */;
			buildPhases = (
				A4206831984312A1B222909C /* [CP] Check Pods Manifest.lock */,
				CA61D94027564A4900B777A2 /* Sources */,
				CA61D94127564A4900B777A2 /* Frameworks */,
				CA61D94227564A4900B777A2 /* Resources */,
			);
			buildRules = (
			);
			dependencies = (
				CA61D94627564A4900B777A2 /* PBXTargetDependency */,
			);
			name = GBShopDKTests;
			productName = GBShopDKTests;
			productReference = CA61D94427564A4900B777A2 /* GBShopDKTests.xctest */;
			productType = "com.apple.product-type.bundle.unit-test";
		};
		CA61D94D27564A4900B777A2 /* GBShopDKUITests */ = {
			isa = PBXNativeTarget;
			buildConfigurationList = CA61D95E27564A4900B777A2 /* Build configuration list for PBXNativeTarget "GBShopDKUITests" */;
			buildPhases = (
				3F9F0B7BA4595E64282A6980 /* [CP] Check Pods Manifest.lock */,
				CA61D94A27564A4900B777A2 /* Sources */,
				CA61D94B27564A4900B777A2 /* Frameworks */,
				CA61D94C27564A4900B777A2 /* Resources */,
				4314A0E73074478C03A8D404 /* [CP] Embed Pods Frameworks */,
			);
			buildRules = (
			);
			dependencies = (
				CA61D95027564A4900B777A2 /* PBXTargetDependency */,
			);
			name = GBShopDKUITests;
			productName = GBShopDKUITests;
			productReference = CA61D94E27564A4900B777A2 /* GBShopDKUITests.xctest */;
			productType = "com.apple.product-type.bundle.ui-testing";
		};
/* End PBXNativeTarget section */

/* Begin PBXProject section */
		CA61D92627564A4700B777A2 /* Project object */ = {
			isa = PBXProject;
			attributes = {
				BuildIndependentTargetsInParallel = 1;
				LastSwiftUpdateCheck = 1310;
				LastUpgradeCheck = 1310;
				TargetAttributes = {
					CA61D92D27564A4700B777A2 = {
						CreatedOnToolsVersion = 13.1;
					};
					CA61D94327564A4900B777A2 = {
						CreatedOnToolsVersion = 13.1;
						TestTargetID = CA61D92D27564A4700B777A2;
					};
					CA61D94D27564A4900B777A2 = {
						CreatedOnToolsVersion = 13.1;
						TestTargetID = CA61D92D27564A4700B777A2;
					};
				};
			};
			buildConfigurationList = CA61D92927564A4700B777A2 /* Build configuration list for PBXProject "GBShopDK" */;
			compatibilityVersion = "Xcode 13.0";
			developmentRegion = en;
			hasScannedForEncodings = 0;
			knownRegions = (
				en,
				Base,
			);
			mainGroup = CA61D92527564A4700B777A2;
			productRefGroup = CA61D92F27564A4700B777A2 /* Products */;
			projectDirPath = "";
			projectRoot = "";
			targets = (
				CA61D92D27564A4700B777A2 /* GBShopDK */,
				CA61D94327564A4900B777A2 /* GBShopDKTests */,
				CA61D94D27564A4900B777A2 /* GBShopDKUITests */,
			);
		};
/* End PBXProject section */

/* Begin PBXResourcesBuildPhase section */
		CA61D92C27564A4700B777A2 /* Resources */ = {
			isa = PBXResourcesBuildPhase;
			buildActionMask = 2147483647;
			files = (
				CA61D93E27564A4900B777A2 /* LaunchScreen.storyboard in Resources */,
				CA61D93B27564A4900B777A2 /* Assets.xcassets in Resources */,
				CA61D93927564A4700B777A2 /* Main.storyboard in Resources */,
			);
			runOnlyForDeploymentPostprocessing = 0;
		};
		CA61D94227564A4900B777A2 /* Resources */ = {
			isa = PBXResourcesBuildPhase;
			buildActionMask = 2147483647;
			files = (
			);
			runOnlyForDeploymentPostprocessing = 0;
		};
		CA61D94C27564A4900B777A2 /* Resources */ = {
			isa = PBXResourcesBuildPhase;
			buildActionMask = 2147483647;
			files = (
			);
			runOnlyForDeploymentPostprocessing = 0;
		};
/* End PBXResourcesBuildPhase section */

/* Begin PBXShellScriptBuildPhase section */
		0F1B4736B0B880ADD1285121 /* [CP] Embed Pods Frameworks */ = {
			isa = PBXShellScriptBuildPhase;
			buildActionMask = 2147483647;
			files = (
			);
			inputFileListPaths = (
				"${PODS_ROOT}/Target Support Files/Pods-GBShopDK/Pods-GBShopDK-frameworks-${CONFIGURATION}-input-files.xcfilelist",
			);
			name = "[CP] Embed Pods Frameworks";
			outputFileListPaths = (
				"${PODS_ROOT}/Target Support Files/Pods-GBShopDK/Pods-GBShopDK-frameworks-${CONFIGURATION}-output-files.xcfilelist",
			);
			runOnlyForDeploymentPostprocessing = 0;
			shellPath = /bin/sh;
			shellScript = "\"${PODS_ROOT}/Target Support Files/Pods-GBShopDK/Pods-GBShopDK-frameworks.sh\"\n";
			showEnvVarsInLog = 0;
		};
		3F9F0B7BA4595E64282A6980 /* [CP] Check Pods Manifest.lock */ = {
			isa = PBXShellScriptBuildPhase;
			buildActionMask = 2147483647;
			files = (
			);
			inputFileListPaths = (
			);
			inputPaths = (
				"${PODS_PODFILE_DIR_PATH}/Podfile.lock",
				"${PODS_ROOT}/Manifest.lock",
			);
			name = "[CP] Check Pods Manifest.lock";
			outputFileListPaths = (
			);
			outputPaths = (
				"$(DERIVED_FILE_DIR)/Pods-GBShopDK-GBShopDKUITests-checkManifestLockResult.txt",
			);
			runOnlyForDeploymentPostprocessing = 0;
			shellPath = /bin/sh;
			shellScript = "diff \"${PODS_PODFILE_DIR_PATH}/Podfile.lock\" \"${PODS_ROOT}/Manifest.lock\" > /dev/null\nif [ $? != 0 ] ; then\n    # print error to STDERR\n    echo \"error: The sandbox is not in sync with the Podfile.lock. Run 'pod install' or update your CocoaPods installation.\" >&2\n    exit 1\nfi\n# This output is used by Xcode 'outputs' to avoid re-running this script phase.\necho \"SUCCESS\" > \"${SCRIPT_OUTPUT_FILE_0}\"\n";
			showEnvVarsInLog = 0;
		};
		4314A0E73074478C03A8D404 /* [CP] Embed Pods Frameworks */ = {
			isa = PBXShellScriptBuildPhase;
			buildActionMask = 2147483647;
			files = (
			);
			inputFileListPaths = (
				"${PODS_ROOT}/Target Support Files/Pods-GBShopDK-GBShopDKUITests/Pods-GBShopDK-GBShopDKUITests-frameworks-${CONFIGURATION}-input-files.xcfilelist",
			);
			name = "[CP] Embed Pods Frameworks";
			outputFileListPaths = (
				"${PODS_ROOT}/Target Support Files/Pods-GBShopDK-GBShopDKUITests/Pods-GBShopDK-GBShopDKUITests-frameworks-${CONFIGURATION}-output-files.xcfilelist",
			);
			runOnlyForDeploymentPostprocessing = 0;
			shellPath = /bin/sh;
			shellScript = "\"${PODS_ROOT}/Target Support Files/Pods-GBShopDK-GBShopDKUITests/Pods-GBShopDK-GBShopDKUITests-frameworks.sh\"\n";
			showEnvVarsInLog = 0;
		};
		93843F6B9948D390536DC6C4 /* [CP] Check Pods Manifest.lock */ = {
			isa = PBXShellScriptBuildPhase;
			buildActionMask = 2147483647;
			files = (
			);
			inputFileListPaths = (
			);
			inputPaths = (
				"${PODS_PODFILE_DIR_PATH}/Podfile.lock",
				"${PODS_ROOT}/Manifest.lock",
			);
			name = "[CP] Check Pods Manifest.lock";
			outputFileListPaths = (
			);
			outputPaths = (
				"$(DERIVED_FILE_DIR)/Pods-GBShopDK-checkManifestLockResult.txt",
			);
			runOnlyForDeploymentPostprocessing = 0;
			shellPath = /bin/sh;
			shellScript = "diff \"${PODS_PODFILE_DIR_PATH}/Podfile.lock\" \"${PODS_ROOT}/Manifest.lock\" > /dev/null\nif [ $? != 0 ] ; then\n    # print error to STDERR\n    echo \"error: The sandbox is not in sync with the Podfile.lock. Run 'pod install' or update your CocoaPods installation.\" >&2\n    exit 1\nfi\n# This output is used by Xcode 'outputs' to avoid re-running this script phase.\necho \"SUCCESS\" > \"${SCRIPT_OUTPUT_FILE_0}\"\n";
			showEnvVarsInLog = 0;
		};
		A4206831984312A1B222909C /* [CP] Check Pods Manifest.lock */ = {
			isa = PBXShellScriptBuildPhase;
			buildActionMask = 2147483647;
			files = (
			);
			inputFileListPaths = (
			);
			inputPaths = (
				"${PODS_PODFILE_DIR_PATH}/Podfile.lock",
				"${PODS_ROOT}/Manifest.lock",
			);
			name = "[CP] Check Pods Manifest.lock";
			outputFileListPaths = (
			);
			outputPaths = (
				"$(DERIVED_FILE_DIR)/Pods-GBShopDKTests-checkManifestLockResult.txt",
			);
			runOnlyForDeploymentPostprocessing = 0;
			shellPath = /bin/sh;
			shellScript = "diff \"${PODS_PODFILE_DIR_PATH}/Podfile.lock\" \"${PODS_ROOT}/Manifest.lock\" > /dev/null\nif [ $? != 0 ] ; then\n    # print error to STDERR\n    echo \"error: The sandbox is not in sync with the Podfile.lock. Run 'pod install' or update your CocoaPods installation.\" >&2\n    exit 1\nfi\n# This output is used by Xcode 'outputs' to avoid re-running this script phase.\necho \"SUCCESS\" > \"${SCRIPT_OUTPUT_FILE_0}\"\n";
			showEnvVarsInLog = 0;
		};
/* End PBXShellScriptBuildPhase section */

/* Begin PBXSourcesBuildPhase section */
		CA61D92A27564A4700B777A2 /* Sources */ = {
			isa = PBXSourcesBuildPhase;
			buildActionMask = 2147483647;
			files = (
				CA4FA062275A3CDF00E8BF6B /* AuthRequestFactory.swift in Sources */,
				CA4FA05B275A3C4B00E8BF6B /* RequestRouter.swift in Sources */,
				CAAFF014275CF8C200BE30E8 /* LogoutResult.swift in Sources */,
				CABF8614275F9A0D00870B23 /* ProductsRequestFactory.swift in Sources */,
				CAAFF018275CFC1300BE30E8 /* ChangeUserDataResult.swift in Sources */,
				CA4FA059275A3C2E00E8BF6B /* AbstractRequestFactory.swift in Sources */,
				CA4FA066275A3CFF00E8BF6B /* RequestFactory.swift in Sources */,
				CA4FA055275A3AF400E8BF6B /* ErrorParser.swift in Sources */,
				CA4FA057275A3C1800E8BF6B /* ResponseCodable.swift in Sources */,
				CABF8616275F9AC000870B23 /* ProductsRequests.swift in Sources */,
				CAAFF01C275CFF5100BE30E8 /* RegistrationAndChanges.swift in Sources */,
				CA61D93627564A4700B777A2 /* ViewController.swift in Sources */,
				CAAFF016275CFC0200BE30E8 /* RegistrationUserResult.swift in Sources */,
				CA61D93227564A4700B777A2 /* AppDelegate.swift in Sources */,
				CA4FA05D275A3CB300E8BF6B /* LoginResult.swift in Sources */,
				CAAFF01A275CFD9A00BE30E8 /* RegistrationAndDataChangesFactory.swift in Sources */,
				CA61D93427564A4700B777A2 /* SceneDelegate.swift in Sources */,
				CA4FA05F275A3CBB00E8BF6B /* User.swift in Sources */,
				CA4FA053275A3ACE00E8BF6B /* AbstractErrorParser.swift in Sources */,
				CABF8612275F989A00870B23 /* Product.swift in Sources */,
				CABF8610275F97DC00870B23 /* ProductList.swift in Sources */,
				CA4FA064275A3CED00E8BF6B /* Auth.swift in Sources */,
			);
			runOnlyForDeploymentPostprocessing = 0;
		};
		CA61D94027564A4900B777A2 /* Sources */ = {
			isa = PBXSourcesBuildPhase;
			buildActionMask = 2147483647;
			files = (
				CA61D94927564A4900B777A2 /* GBShopDKTests.swift in Sources */,
			);
			runOnlyForDeploymentPostprocessing = 0;
		};
		CA61D94A27564A4900B777A2 /* Sources */ = {
			isa = PBXSourcesBuildPhase;
			buildActionMask = 2147483647;
			files = (
				CA61D95527564A4900B777A2 /* GBShopDKUITestsLaunchTests.swift in Sources */,
				CA61D95327564A4900B777A2 /* GBShopDKUITests.swift in Sources */,
			);
			runOnlyForDeploymentPostprocessing = 0;
		};
/* End PBXSourcesBuildPhase section */

/* Begin PBXTargetDependency section */
		CA61D94627564A4900B777A2 /* PBXTargetDependency */ = {
			isa = PBXTargetDependency;
			target = CA61D92D27564A4700B777A2 /* GBShopDK */;
			targetProxy = CA61D94527564A4900B777A2 /* PBXContainerItemProxy */;
		};
		CA61D95027564A4900B777A2 /* PBXTargetDependency */ = {
			isa = PBXTargetDependency;
			target = CA61D92D27564A4700B777A2 /* GBShopDK */;
			targetProxy = CA61D94F27564A4900B777A2 /* PBXContainerItemProxy */;
		};
/* End PBXTargetDependency section */

/* Begin PBXVariantGroup section */
		CA61D93727564A4700B777A2 /* Main.storyboard */ = {
			isa = PBXVariantGroup;
			children = (
				CA61D93827564A4700B777A2 /* Base */,
			);
			name = Main.storyboard;
			sourceTree = "<group>";
		};
		CA61D93C27564A4900B777A2 /* LaunchScreen.storyboard */ = {
			isa = PBXVariantGroup;
			children = (
				CA61D93D27564A4900B777A2 /* Base */,
			);
			name = LaunchScreen.storyboard;
			sourceTree = "<group>";
		};
/* End PBXVariantGroup section */

/* Begin XCBuildConfiguration section */
		CA61D95627564A4900B777A2 /* Debug */ = {
			isa = XCBuildConfiguration;
			buildSettings = {
				ALWAYS_SEARCH_USER_PATHS = NO;
				CLANG_ANALYZER_NONNULL = YES;
				CLANG_ANALYZER_NUMBER_OBJECT_CONVERSION = YES_AGGRESSIVE;
				CLANG_CXX_LANGUAGE_STANDARD = "gnu++17";
				CLANG_CXX_LIBRARY = "libc++";
				CLANG_ENABLE_MODULES = YES;
				CLANG_ENABLE_OBJC_ARC = YES;
				CLANG_ENABLE_OBJC_WEAK = YES;
				CLANG_WARN_BLOCK_CAPTURE_AUTORELEASING = YES;
				CLANG_WARN_BOOL_CONVERSION = YES;
				CLANG_WARN_COMMA = YES;
				CLANG_WARN_CONSTANT_CONVERSION = YES;
				CLANG_WARN_DEPRECATED_OBJC_IMPLEMENTATIONS = YES;
				CLANG_WARN_DIRECT_OBJC_ISA_USAGE = YES_ERROR;
				CLANG_WARN_DOCUMENTATION_COMMENTS = YES;
				CLANG_WARN_EMPTY_BODY = YES;
				CLANG_WARN_ENUM_CONVERSION = YES;
				CLANG_WARN_INFINITE_RECURSION = YES;
				CLANG_WARN_INT_CONVERSION = YES;
				CLANG_WARN_NON_LITERAL_NULL_CONVERSION = YES;
				CLANG_WARN_OBJC_IMPLICIT_RETAIN_SELF = YES;
				CLANG_WARN_OBJC_LITERAL_CONVERSION = YES;
				CLANG_WARN_OBJC_ROOT_CLASS = YES_ERROR;
				CLANG_WARN_QUOTED_INCLUDE_IN_FRAMEWORK_HEADER = YES;
				CLANG_WARN_RANGE_LOOP_ANALYSIS = YES;
				CLANG_WARN_STRICT_PROTOTYPES = YES;
				CLANG_WARN_SUSPICIOUS_MOVE = YES;
				CLANG_WARN_UNGUARDED_AVAILABILITY = YES_AGGRESSIVE;
				CLANG_WARN_UNREACHABLE_CODE = YES;
				CLANG_WARN__DUPLICATE_METHOD_MATCH = YES;
				COPY_PHASE_STRIP = NO;
				DEBUG_INFORMATION_FORMAT = dwarf;
				ENABLE_STRICT_OBJC_MSGSEND = YES;
				ENABLE_TESTABILITY = YES;
				GCC_C_LANGUAGE_STANDARD = gnu11;
				GCC_DYNAMIC_NO_PIC = NO;
				GCC_NO_COMMON_BLOCKS = YES;
				GCC_OPTIMIZATION_LEVEL = 0;
				GCC_PREPROCESSOR_DEFINITIONS = (
					"DEBUG=1",
					"$(inherited)",
				);
				GCC_WARN_64_TO_32_BIT_CONVERSION = YES;
				GCC_WARN_ABOUT_RETURN_TYPE = YES_ERROR;
				GCC_WARN_UNDECLARED_SELECTOR = YES;
				GCC_WARN_UNINITIALIZED_AUTOS = YES_AGGRESSIVE;
				GCC_WARN_UNUSED_FUNCTION = YES;
				GCC_WARN_UNUSED_VARIABLE = YES;
				IPHONEOS_DEPLOYMENT_TARGET = 15.0;
				MTL_ENABLE_DEBUG_INFO = INCLUDE_SOURCE;
				MTL_FAST_MATH = YES;
				ONLY_ACTIVE_ARCH = YES;
				SDKROOT = iphoneos;
				SWIFT_ACTIVE_COMPILATION_CONDITIONS = DEBUG;
				SWIFT_OPTIMIZATION_LEVEL = "-Onone";
			};
			name = Debug;
		};
		CA61D95727564A4900B777A2 /* Release */ = {
			isa = XCBuildConfiguration;
			buildSettings = {
				ALWAYS_SEARCH_USER_PATHS = NO;
				CLANG_ANALYZER_NONNULL = YES;
				CLANG_ANALYZER_NUMBER_OBJECT_CONVERSION = YES_AGGRESSIVE;
				CLANG_CXX_LANGUAGE_STANDARD = "gnu++17";
				CLANG_CXX_LIBRARY = "libc++";
				CLANG_ENABLE_MODULES = YES;
				CLANG_ENABLE_OBJC_ARC = YES;
				CLANG_ENABLE_OBJC_WEAK = YES;
				CLANG_WARN_BLOCK_CAPTURE_AUTORELEASING = YES;
				CLANG_WARN_BOOL_CONVERSION = YES;
				CLANG_WARN_COMMA = YES;
				CLANG_WARN_CONSTANT_CONVERSION = YES;
				CLANG_WARN_DEPRECATED_OBJC_IMPLEMENTATIONS = YES;
				CLANG_WARN_DIRECT_OBJC_ISA_USAGE = YES_ERROR;
				CLANG_WARN_DOCUMENTATION_COMMENTS = YES;
				CLANG_WARN_EMPTY_BODY = YES;
				CLANG_WARN_ENUM_CONVERSION = YES;
				CLANG_WARN_INFINITE_RECURSION = YES;
				CLANG_WARN_INT_CONVERSION = YES;
				CLANG_WARN_NON_LITERAL_NULL_CONVERSION = YES;
				CLANG_WARN_OBJC_IMPLICIT_RETAIN_SELF = YES;
				CLANG_WARN_OBJC_LITERAL_CONVERSION = YES;
				CLANG_WARN_OBJC_ROOT_CLASS = YES_ERROR;
				CLANG_WARN_QUOTED_INCLUDE_IN_FRAMEWORK_HEADER = YES;
				CLANG_WARN_RANGE_LOOP_ANALYSIS = YES;
				CLANG_WARN_STRICT_PROTOTYPES = YES;
				CLANG_WARN_SUSPICIOUS_MOVE = YES;
				CLANG_WARN_UNGUARDED_AVAILABILITY = YES_AGGRESSIVE;
				CLANG_WARN_UNREACHABLE_CODE = YES;
				CLANG_WARN__DUPLICATE_METHOD_MATCH = YES;
				COPY_PHASE_STRIP = NO;
				DEBUG_INFORMATION_FORMAT = "dwarf-with-dsym";
				ENABLE_NS_ASSERTIONS = NO;
				ENABLE_STRICT_OBJC_MSGSEND = YES;
				GCC_C_LANGUAGE_STANDARD = gnu11;
				GCC_NO_COMMON_BLOCKS = YES;
				GCC_WARN_64_TO_32_BIT_CONVERSION = YES;
				GCC_WARN_ABOUT_RETURN_TYPE = YES_ERROR;
				GCC_WARN_UNDECLARED_SELECTOR = YES;
				GCC_WARN_UNINITIALIZED_AUTOS = YES_AGGRESSIVE;
				GCC_WARN_UNUSED_FUNCTION = YES;
				GCC_WARN_UNUSED_VARIABLE = YES;
				IPHONEOS_DEPLOYMENT_TARGET = 15.0;
				MTL_ENABLE_DEBUG_INFO = NO;
				MTL_FAST_MATH = YES;
				SDKROOT = iphoneos;
				SWIFT_COMPILATION_MODE = wholemodule;
				SWIFT_OPTIMIZATION_LEVEL = "-O";
				VALIDATE_PRODUCT = YES;
			};
			name = Release;
		};
		CA61D95927564A4900B777A2 /* Debug */ = {
			isa = XCBuildConfiguration;
			baseConfigurationReference = A8D4A4BE4DCD43FA19A9FC78 /* Pods-GBShopDK.debug.xcconfig */;
			buildSettings = {
				ASSETCATALOG_COMPILER_APPICON_NAME = AppIcon;
				ASSETCATALOG_COMPILER_GLOBAL_ACCENT_COLOR_NAME = AccentColor;
				CODE_SIGN_STYLE = Automatic;
				CURRENT_PROJECT_VERSION = 1;
				DEVELOPMENT_TEAM = WBQRF7BRYB;
				GENERATE_INFOPLIST_FILE = YES;
				INFOPLIST_FILE = GBShopDK/Environments/Info.plist;
				INFOPLIST_KEY_UIApplicationSupportsIndirectInputEvents = YES;
				INFOPLIST_KEY_UILaunchStoryboardName = LaunchScreen;
				INFOPLIST_KEY_UIMainStoryboardFile = Main;
				INFOPLIST_KEY_UISupportedInterfaceOrientations_iPad = "UIInterfaceOrientationPortrait UIInterfaceOrientationPortraitUpsideDown UIInterfaceOrientationLandscapeLeft UIInterfaceOrientationLandscapeRight";
				INFOPLIST_KEY_UISupportedInterfaceOrientations_iPhone = "UIInterfaceOrientationPortrait UIInterfaceOrientationLandscapeLeft UIInterfaceOrientationLandscapeRight";
				LD_RUNPATH_SEARCH_PATHS = (
					"$(inherited)",
					"@executable_path/Frameworks",
				);
				MARKETING_VERSION = 1.0;
				PRODUCT_BUNDLE_IDENTIFIER = com.dk.GBShopDK;
				PRODUCT_NAME = "$(TARGET_NAME)";
				SWIFT_EMIT_LOC_STRINGS = YES;
				SWIFT_VERSION = 5.0;
				TARGETED_DEVICE_FAMILY = "1,2";
			};
			name = Debug;
		};
		CA61D95A27564A4900B777A2 /* Release */ = {
			isa = XCBuildConfiguration;
			baseConfigurationReference = 194AFE866FA1C33B5695F19B /* Pods-GBShopDK.release.xcconfig */;
			buildSettings = {
				ASSETCATALOG_COMPILER_APPICON_NAME = AppIcon;
				ASSETCATALOG_COMPILER_GLOBAL_ACCENT_COLOR_NAME = AccentColor;
				CODE_SIGN_STYLE = Automatic;
				CURRENT_PROJECT_VERSION = 1;
				DEVELOPMENT_TEAM = WBQRF7BRYB;
				GENERATE_INFOPLIST_FILE = YES;
				INFOPLIST_FILE = GBShopDK/Environments/Info.plist;
				INFOPLIST_KEY_UIApplicationSupportsIndirectInputEvents = YES;
				INFOPLIST_KEY_UILaunchStoryboardName = LaunchScreen;
				INFOPLIST_KEY_UIMainStoryboardFile = Main;
				INFOPLIST_KEY_UISupportedInterfaceOrientations_iPad = "UIInterfaceOrientationPortrait UIInterfaceOrientationPortraitUpsideDown UIInterfaceOrientationLandscapeLeft UIInterfaceOrientationLandscapeRight";
				INFOPLIST_KEY_UISupportedInterfaceOrientations_iPhone = "UIInterfaceOrientationPortrait UIInterfaceOrientationLandscapeLeft UIInterfaceOrientationLandscapeRight";
				LD_RUNPATH_SEARCH_PATHS = (
					"$(inherited)",
					"@executable_path/Frameworks",
				);
				MARKETING_VERSION = 1.0;
				PRODUCT_BUNDLE_IDENTIFIER = com.dk.GBShopDK;
				PRODUCT_NAME = "$(TARGET_NAME)";
				SWIFT_EMIT_LOC_STRINGS = YES;
				SWIFT_VERSION = 5.0;
				TARGETED_DEVICE_FAMILY = "1,2";
			};
			name = Release;
		};
		CA61D95C27564A4900B777A2 /* Debug */ = {
			isa = XCBuildConfiguration;
			baseConfigurationReference = 3D2221A0762FCEAF2D16B8F0 /* Pods-GBShopDKTests.debug.xcconfig */;
			buildSettings = {
				ALWAYS_EMBED_SWIFT_STANDARD_LIBRARIES = YES;
				BUNDLE_LOADER = "$(TEST_HOST)";
				CODE_SIGN_STYLE = Automatic;
				CURRENT_PROJECT_VERSION = 1;
				DEVELOPMENT_TEAM = WBQRF7BRYB;
				GENERATE_INFOPLIST_FILE = YES;
				IPHONEOS_DEPLOYMENT_TARGET = 15.0;
				LD_RUNPATH_SEARCH_PATHS = (
					"$(inherited)",
					"@executable_path/Frameworks",
					"@loader_path/Frameworks",
				);
				MARKETING_VERSION = 1.0;
				PRODUCT_BUNDLE_IDENTIFIER = com.dk.GBShopDKTests;
				PRODUCT_NAME = "$(TARGET_NAME)";
				SWIFT_EMIT_LOC_STRINGS = NO;
				SWIFT_VERSION = 5.0;
				TARGETED_DEVICE_FAMILY = "1,2";
				TEST_HOST = "$(BUILT_PRODUCTS_DIR)/GBShopDK.app/GBShopDK";
			};
			name = Debug;
		};
		CA61D95D27564A4900B777A2 /* Release */ = {
			isa = XCBuildConfiguration;
			baseConfigurationReference = CA8C27AAD8C0295CEEE3D457 /* Pods-GBShopDKTests.release.xcconfig */;
			buildSettings = {
				ALWAYS_EMBED_SWIFT_STANDARD_LIBRARIES = YES;
				BUNDLE_LOADER = "$(TEST_HOST)";
				CODE_SIGN_STYLE = Automatic;
				CURRENT_PROJECT_VERSION = 1;
				DEVELOPMENT_TEAM = WBQRF7BRYB;
				GENERATE_INFOPLIST_FILE = YES;
				IPHONEOS_DEPLOYMENT_TARGET = 15.0;
				LD_RUNPATH_SEARCH_PATHS = (
					"$(inherited)",
					"@executable_path/Frameworks",
					"@loader_path/Frameworks",
				);
				MARKETING_VERSION = 1.0;
				PRODUCT_BUNDLE_IDENTIFIER = com.dk.GBShopDKTests;
				PRODUCT_NAME = "$(TARGET_NAME)";
				SWIFT_EMIT_LOC_STRINGS = NO;
				SWIFT_VERSION = 5.0;
				TARGETED_DEVICE_FAMILY = "1,2";
				TEST_HOST = "$(BUILT_PRODUCTS_DIR)/GBShopDK.app/GBShopDK";
			};
			name = Release;
		};
		CA61D95F27564A4900B777A2 /* Debug */ = {
			isa = XCBuildConfiguration;
			baseConfigurationReference = FE615AF1FC1DEE817160C70C /* Pods-GBShopDK-GBShopDKUITests.debug.xcconfig */;
			buildSettings = {
				ALWAYS_EMBED_SWIFT_STANDARD_LIBRARIES = YES;
				CODE_SIGN_STYLE = Automatic;
				CURRENT_PROJECT_VERSION = 1;
				DEVELOPMENT_TEAM = WBQRF7BRYB;
				GENERATE_INFOPLIST_FILE = YES;
				LD_RUNPATH_SEARCH_PATHS = (
					"$(inherited)",
					"@executable_path/Frameworks",
					"@loader_path/Frameworks",
				);
				MARKETING_VERSION = 1.0;
				PRODUCT_BUNDLE_IDENTIFIER = com.dk.GBShopDKUITests;
				PRODUCT_NAME = "$(TARGET_NAME)";
				SWIFT_EMIT_LOC_STRINGS = NO;
				SWIFT_VERSION = 5.0;
				TARGETED_DEVICE_FAMILY = "1,2";
				TEST_TARGET_NAME = GBShopDK;
			};
			name = Debug;
		};
		CA61D96027564A4900B777A2 /* Release */ = {
			isa = XCBuildConfiguration;
			baseConfigurationReference = 956E1E34F69CCAB33DB1D7F7 /* Pods-GBShopDK-GBShopDKUITests.release.xcconfig */;
			buildSettings = {
				ALWAYS_EMBED_SWIFT_STANDARD_LIBRARIES = YES;
				CODE_SIGN_STYLE = Automatic;
				CURRENT_PROJECT_VERSION = 1;
				DEVELOPMENT_TEAM = WBQRF7BRYB;
				GENERATE_INFOPLIST_FILE = YES;
				LD_RUNPATH_SEARCH_PATHS = (
					"$(inherited)",
					"@executable_path/Frameworks",
					"@loader_path/Frameworks",
				);
				MARKETING_VERSION = 1.0;
				PRODUCT_BUNDLE_IDENTIFIER = com.dk.GBShopDKUITests;
				PRODUCT_NAME = "$(TARGET_NAME)";
				SWIFT_EMIT_LOC_STRINGS = NO;
				SWIFT_VERSION = 5.0;
				TARGETED_DEVICE_FAMILY = "1,2";
				TEST_TARGET_NAME = GBShopDK;
			};
			name = Release;
		};
/* End XCBuildConfiguration section */

/* Begin XCConfigurationList section */
		CA61D92927564A4700B777A2 /* Build configuration list for PBXProject "GBShopDK" */ = {
			isa = XCConfigurationList;
			buildConfigurations = (
				CA61D95627564A4900B777A2 /* Debug */,
				CA61D95727564A4900B777A2 /* Release */,
			);
			defaultConfigurationIsVisible = 0;
			defaultConfigurationName = Release;
		};
		CA61D95827564A4900B777A2 /* Build configuration list for PBXNativeTarget "GBShopDK" */ = {
			isa = XCConfigurationList;
			buildConfigurations = (
				CA61D95927564A4900B777A2 /* Debug */,
				CA61D95A27564A4900B777A2 /* Release */,
			);
			defaultConfigurationIsVisible = 0;
			defaultConfigurationName = Release;
		};
		CA61D95B27564A4900B777A2 /* Build configuration list for PBXNativeTarget "GBShopDKTests" */ = {
			isa = XCConfigurationList;
			buildConfigurations = (
				CA61D95C27564A4900B777A2 /* Debug */,
				CA61D95D27564A4900B777A2 /* Release */,
			);
			defaultConfigurationIsVisible = 0;
			defaultConfigurationName = Release;
		};
		CA61D95E27564A4900B777A2 /* Build configuration list for PBXNativeTarget "GBShopDKUITests" */ = {
			isa = XCConfigurationList;
			buildConfigurations = (
				CA61D95F27564A4900B777A2 /* Debug */,
				CA61D96027564A4900B777A2 /* Release */,
			);
			defaultConfigurationIsVisible = 0;
			defaultConfigurationName = Release;
		};
/* End XCConfigurationList section */
	};
	rootObject = CA61D92627564A4700B777A2 /* Project object */;
}
